
Microsoft Visual Studio Solution File, Format Version 12.00
# Visual Studio Version 16
VisualStudioVersion = 16.0.30804.86
MinimumVisualStudioVersion = 10.0.40219.1
Project("{2150E333-8FDC-42A3-9474-1A3956D46DE8}") = "Domain", "Domain", "{08C89496-560C-4C71-BFAB-CD9DB405F6E3}"
EndProject
Project("{2150E333-8FDC-42A3-9474-1A3956D46DE8}") = "Infrastructure", "Infrastructure", "{5A858BA2-B531-4342-AE94-DD04C7F6EB1F}"
EndProject
Project("{2150E333-8FDC-42A3-9474-1A3956D46DE8}") = "Microservices", "Microservices", "{3A41DF82-46CC-4CE8-92E2-34F336DAAE34}"
EndProject
Project("{2150E333-8FDC-42A3-9474-1A3956D46DE8}") = "Presentation", "Presentation", "{FB91DA51-3A53-4EF7-981C-122FA5619336}"
EndProject
Project("{9A19103F-16F7-4668-BE54-9A1E7A4F7556}") = "DtxFramework.Domain.Core", "DtxFramework.Domain.Core\DtxFramework.Domain.Core.csproj", "{F03CBAD2-6DD4-4708-A1B0-73B9F6248DF5}"
EndProject
Project("{9A19103F-16F7-4668-BE54-9A1E7A4F7556}") = "DtxFramework.Infrastructure.Bus", "DtxFramework.Infrastructure.Bus\DtxFramework.Infrastructure.Bus.csproj", "{7776182F-623E-40BE-99FD-C41CF3F3A885}"
EndProject
Project("{FAE04EC0-301F-11D3-BF4B-00C04F79EFBC}") = "DtxFramework.Infrastructure.IoC", "DtxFramework.Infrastructure.IoC\DtxFramework.Infrastructure.IoC.csproj", "{3825C5D5-D25F-42B5-ABFF-8DC146C8A013}"
EndProject
Project("{2150E333-8FDC-42A3-9474-1A3956D46DE8}") = "Banking", "Banking", "{2AEA5EE4-CAD9-4F69-95AF-EA448B7620A4}"
EndProject
Project("{2150E333-8FDC-42A3-9474-1A3956D46DE8}") = "Api", "Api", "{B5A87A98-05D4-4F36-A2CE-BC1D9F04D748}"
EndProject
Project("{2150E333-8FDC-42A3-9474-1A3956D46DE8}") = "Data", "Data", "{DFBDF110-83E9-470D-8967-1D9C3D785B6B}"
EndProject
Project("{2150E333-8FDC-42A3-9474-1A3956D46DE8}") = "Domain", "Domain", "{D8FD8134-BDD3-4BB4-95DD-A71062962BBB}"
EndProject
Project("{2150E333-8FDC-42A3-9474-1A3956D46DE8}") = "Application", "Application", "{9C556CD7-99AA-4D7A-B14D-72CA7F1F1B00}"
EndProject
Project("{FAE04EC0-301F-11D3-BF4B-00C04F79EFBC}") = "DtxFramework.Banking.Domain", "DtxFramework.Banking.Domain\DtxFramework.Banking.Domain.csproj", "{0317851B-476B-4DE6-8E81-ECFDE8014B94}"
EndProject
Project("{FAE04EC0-301F-11D3-BF4B-00C04F79EFBC}") = "DtxFramework.Banking.Data", "DtxFramework.Banking.Data\DtxFramework.Banking.Data.csproj", "{8D0B8C27-D0A6-4050-BA96-83FC93CDDC84}"
EndProject
Project("{FAE04EC0-301F-11D3-BF4B-00C04F79EFBC}") = "DtxFramework.Banking.Application", "DtxFramework.Banking.Application\DtxFramework.Banking.Application.csproj", "{3BF16B00-B8BF-4948-8870-1091A90BA4BD}"
EndProject
Project("{2150E333-8FDC-42A3-9474-1A3956D46DE8}") = "Bus", "Bus", "{C11F3EE4-1EA2-4C92-BDA8-1FF3851AAEF5}"
EndProject
Project("{2150E333-8FDC-42A3-9474-1A3956D46DE8}") = "Ioc", "Ioc", "{8E4E5B56-885C-48BD-9373-0FA8CA8061BF}"
EndProject
Project("{FAE04EC0-301F-11D3-BF4B-00C04F79EFBC}") = "DtxFramework.Banking.Api", "DtxFramework.Banking.Api\DtxFramework.Banking.Api.csproj", "{0DCC5039-E303-4FA3-9682-948A46DEE601}"
EndProject
Global
	GlobalSection(SolutionConfigurationPlatforms) = preSolution
		Debug|Any CPU = Debug|Any CPU
		Release|Any CPU = Release|Any CPU
	EndGlobalSection
	GlobalSection(ProjectConfigurationPlatforms) = postSolution
		{F03CBAD2-6DD4-4708-A1B0-73B9F6248DF5}.Debug|Any CPU.ActiveCfg = Debug|Any CPU
		{F03CBAD2-6DD4-4708-A1B0-73B9F6248DF5}.Debug|Any CPU.Build.0 = Debug|Any CPU
		{F03CBAD2-6DD4-4708-A1B0-73B9F6248DF5}.Release|Any CPU.ActiveCfg = Release|Any CPU
		{F03CBAD2-6DD4-4708-A1B0-73B9F6248DF5}.Release|Any CPU.Build.0 = Release|Any CPU
		{7776182F-623E-40BE-99FD-C41CF3F3A885}.Debug|Any CPU.ActiveCfg = Debug|Any CPU
		{7776182F-623E-40BE-99FD-C41CF3F3A885}.Debug|Any CPU.Build.0 = Debug|Any CPU
		{7776182F-623E-40BE-99FD-C41CF3F3A885}.Release|Any CPU.ActiveCfg = Release|Any CPU
		{7776182F-623E-40BE-99FD-C41CF3F3A885}.Release|Any CPU.Build.0 = Release|Any CPU
		{3825C5D5-D25F-42B5-ABFF-8DC146C8A013}.Debug|Any CPU.ActiveCfg = Debug|Any CPU
		{3825C5D5-D25F-42B5-ABFF-8DC146C8A013}.Debug|Any CPU.Build.0 = Debug|Any CPU
		{3825C5D5-D25F-42B5-ABFF-8DC146C8A013}.Release|Any CPU.ActiveCfg = Release|Any CPU
		{3825C5D5-D25F-42B5-ABFF-8DC146C8A013}.Release|Any CPU.Build.0 = Release|Any CPU
		{0317851B-476B-4DE6-8E81-ECFDE8014B94}.Debug|Any CPU.ActiveCfg = Debug|Any CPU
		{0317851B-476B-4DE6-8E81-ECFDE8014B94}.Debug|Any CPU.Build.0 = Debug|Any CPU
		{0317851B-476B-4DE6-8E81-ECFDE8014B94}.Release|Any CPU.ActiveCfg = Release|Any CPU
		{0317851B-476B-4DE6-8E81-ECFDE8014B94}.Release|Any CPU.Build.0 = Release|Any CPU
		{8D0B8C27-D0A6-4050-BA96-83FC93CDDC84}.Debug|Any CPU.ActiveCfg = Debug|Any CPU
		{8D0B8C27-D0A6-4050-BA96-83FC93CDDC84}.Debug|Any CPU.Build.0 = Debug|Any CPU
		{8D0B8C27-D0A6-4050-BA96-83FC93CDDC84}.Release|Any CPU.ActiveCfg = Release|Any CPU
		{8D0B8C27-D0A6-4050-BA96-83FC93CDDC84}.Release|Any CPU.Build.0 = Release|Any CPU
		{3BF16B00-B8BF-4948-8870-1091A90BA4BD}.Debug|Any CPU.ActiveCfg = Debug|Any CPU
		{3BF16B00-B8BF-4948-8870-1091A90BA4BD}.Debug|Any CPU.Build.0 = Debug|Any CPU
		{3BF16B00-B8BF-4948-8870-1091A90BA4BD}.Release|Any CPU.ActiveCfg = Release|Any CPU
		{3BF16B00-B8BF-4948-8870-1091A90BA4BD}.Release|Any CPU.Build.0 = Release|Any CPU
		{0DCC5039-E303-4FA3-9682-948A46DEE601}.Debug|Any CPU.ActiveCfg = Debug|Any CPU
		{0DCC5039-E303-4FA3-9682-948A46DEE601}.Debug|Any CPU.Build.0 = Debug|Any CPU
		{0DCC5039-E303-4FA3-9682-948A46DEE601}.Release|Any CPU.ActiveCfg = Release|Any CPU
		{0DCC5039-E303-4FA3-9682-948A46DEE601}.Release|Any CPU.Build.0 = Release|Any CPU
	EndGlobalSection
	GlobalSection(SolutionProperties) = preSolution
		HideSolutionNode = FALSE
	EndGlobalSection
	GlobalSection(NestedProjects) = preSolution
		{F03CBAD2-6DD4-4708-A1B0-73B9F6248DF5} = {08C89496-560C-4C71-BFAB-CD9DB405F6E3}
		{7776182F-623E-40BE-99FD-C41CF3F3A885} = {C11F3EE4-1EA2-4C92-BDA8-1FF3851AAEF5}
		{3825C5D5-D25F-42B5-ABFF-8DC146C8A013} = {8E4E5B56-885C-48BD-9373-0FA8CA8061BF}
		{2AEA5EE4-CAD9-4F69-95AF-EA448B7620A4} = {3A41DF82-46CC-4CE8-92E2-34F336DAAE34}
		{B5A87A98-05D4-4F36-A2CE-BC1D9F04D748} = {2AEA5EE4-CAD9-4F69-95AF-EA448B7620A4}
		{DFBDF110-83E9-470D-8967-1D9C3D785B6B} = {2AEA5EE4-CAD9-4F69-95AF-EA448B7620A4}
		{D8FD8134-BDD3-4BB4-95DD-A71062962BBB} = {2AEA5EE4-CAD9-4F69-95AF-EA448B7620A4}
		{9C556CD7-99AA-4D7A-B14D-72CA7F1F1B00} = {2AEA5EE4-CAD9-4F69-95AF-EA448B7620A4}
		{0317851B-476B-4DE6-8E81-ECFDE8014B94} = {D8FD8134-BDD3-4BB4-95DD-A71062962BBB}
		{8D0B8C27-D0A6-4050-BA96-83FC93CDDC84} = {DFBDF110-83E9-470D-8967-1D9C3D785B6B}
		{3BF16B00-B8BF-4948-8870-1091A90BA4BD} = {9C556CD7-99AA-4D7A-B14D-72CA7F1F1B00}
		{C11F3EE4-1EA2-4C92-BDA8-1FF3851AAEF5} = {5A858BA2-B531-4342-AE94-DD04C7F6EB1F}
		{8E4E5B56-885C-48BD-9373-0FA8CA8061BF} = {5A858BA2-B531-4342-AE94-DD04C7F6EB1F}
		{0DCC5039-E303-4FA3-9682-948A46DEE601} = {B5A87A98-05D4-4F36-A2CE-BC1D9F04D748}
	EndGlobalSection
	GlobalSection(ExtensibilityGlobals) = postSolution
		SolutionGuid = {93940671-3CEF-4B57-BA7C-463C71B13ED0}
	EndGlobalSection
EndGlobal
